
Microsoft Visual Studio Solution File, Format Version 12.00
# Visual Studio 14
VisualStudioVersion = 14.0.25123.0
MinimumVisualStudioVersion = 10.0.40219.1
Project("{FAE04EC0-301F-11D3-BF4B-00C04F79EFBC}") = "CodeChallenge", "CodeChallenge\CodeChallenge.csproj", "{B863D073-33BC-49DE-96D0-123EF479078B}"
EndProject
Global
	GlobalSection(SolutionConfigurationPlatforms) = preSolution
		Debug|Any CPU = Debug|Any CPU
		Release|Any CPU = Release|Any CPU
	EndGlobalSection
	GlobalSection(ProjectConfigurationPlatforms) = postSolution
		{B863D073-33BC-49DE-96D0-123EF479078B}.Debug|Any CPU.ActiveCfg = Debug|Any CPU
		{B863D073-33BC-49DE-96D0-123EF479078B}.Debug|Any CPU.Build.0 = Debug|Any CPU
		{B863D073-33BC-49DE-96D0-123EF479078B}.Release|Any CPU.ActiveCfg = Release|Any CPU
		{B863D073-33BC-49DE-96D0-123EF479078B}.Release|Any CPU.Build.0 = Release|Any CPU
	EndGlobalSection
	GlobalSection(SolutionProperties) = preSolution
		HideSolutionNode = FALSE
	EndGlobalSection
EndGlobal
